
Microsoft Visual Studio Solution File, Format Version 12.00
# Visual Studio Version 17
VisualStudioVersion = 17.2.32505.173
MinimumVisualStudioVersion = 10.0.40219.1
Project("{FAE04EC0-301F-11D3-BF4B-00C04F79EFBC}") = "task3", "task3\task3.csproj", "{28F75224-9B4A-4209-9F8B-D918B025511E}"
EndProject
Project("{2150E333-8FDC-42A3-9474-1A3956D46DE8}") = "Solution Items", "Solution Items", "{6A251C53-5E44-4107-936A-8D9BB497327A}"
	ProjectSection(SolutionItems) = preProject
		TextFile1.txt = TextFile1.txt
	EndProjectSection
EndProject
Global
	GlobalSection(SolutionConfigurationPlatforms) = preSolution
		Debug|Any CPU = Debug|Any CPU
		Release|Any CPU = Release|Any CPU
	EndGlobalSection
	GlobalSection(ProjectConfigurationPlatforms) = postSolution
		{28F75224-9B4A-4209-9F8B-D918B025511E}.Debug|Any CPU.ActiveCfg = Debug|Any CPU
		{28F75224-9B4A-4209-9F8B-D918B025511E}.Debug|Any CPU.Build.0 = Debug|Any CPU
		{28F75224-9B4A-4209-9F8B-D918B025511E}.Release|Any CPU.ActiveCfg = Release|Any CPU
		{28F75224-9B4A-4209-9F8B-D918B025511E}.Release|Any CPU.Build.0 = Release|Any CPU
	EndGlobalSection
	GlobalSection(SolutionProperties) = preSolution
		HideSolutionNode = FALSE
	EndGlobalSection
	GlobalSection(ExtensibilityGlobals) = postSolution
		SolutionGuid = {EAC63730-60CC-4133-A6F1-D151394A85F8}
	EndGlobalSection
EndGlobal
